Microsoft Visual Studio Solution File, Format Version 12.00
# Visual Studio Version 17
VisualStudioVersion = 17.5.2.0
MinimumVisualStudioVersion = 10.0.40219.1
Project("{FAE04EC0-301F-11D3-BF4B-00C04F79EFBC}") = "serilog-demo", "serilog-demo.csproj", "{C171E729-A968-D597-E4BE-34737708871E}"
EndProject
Global
	GlobalSection(SolutionConfigurationPlatforms) = preSolution
		Debug|Any CPU = Debug|Any CPU
		Release|Any CPU = Release|Any CPU
	EndGlobalSection
	GlobalSection(ProjectConfigurationPlatforms) = postSolution
		{C171E729-A968-D597-E4BE-34737708871E}.Debug|Any CPU.ActiveCfg = Debug|Any CPU
		{C171E729-A968-D597-E4BE-34737708871E}.Debug|Any CPU.Build.0 = Debug|Any CPU
		{C171E729-A968-D597-E4BE-34737708871E}.Release|Any CPU.ActiveCfg = Release|Any CPU
		{C171E729-A968-D597-E4BE-34737708871E}.Release|Any CPU.Build.0 = Release|Any CPU
	EndGlobalSection
	GlobalSection(SolutionProperties) = preSolution
		HideSolutionNode = FALSE
	EndGlobalSection
	GlobalSection(ExtensibilityGlobals) = postSolution
		SolutionGuid = {78531DA4-7598-479A-AECB-CA94F2D7C2FC}
	EndGlobalSection
EndGlobal
