Microsoft Visual Studio Solution File, Format Version 12.00
# Visual Studio Version 17
VisualStudioVersion = 17.5.2.0
MinimumVisualStudioVersion = 10.0.40219.1
Project("{2150E333-8FDC-42A3-9474-1A3956D46DE8}") = "src", "src", "{B30A2019-0F16-4DFC-B075-DE13174BAD62}"
EndProject
Project("{FAE04EC0-301F-11D3-BF4B-00C04F79EFBC}") = "appsettings-setup", "src\appsettings-setup\appsettings-setup.csproj", "{505F7C1E-136C-4DB9-A1D8-9FA2D174FB37}"
EndProject
Project("{FAE04EC0-301F-11D3-BF4B-00C04F79EFBC}") = "basic-setup", "src\basic-setup\basic-setup.csproj", "{3F828561-08F3-401D-A845-B662D036B6A7}"
EndProject
Project("{FAE04EC0-301F-11D3-BF4B-00C04F79EFBC}") = "bootstrap-logger", "src\bootstrap-logger\bootstrap-logger.csproj", "{A5BE6D20-374B-4C88-9884-DEED8B7A9B98}"
EndProject
Global
	GlobalSection(SolutionConfigurationPlatforms) = preSolution
		Debug|Any CPU = Debug|Any CPU
		Release|Any CPU = Release|Any CPU
	EndGlobalSection
	GlobalSection(ProjectConfigurationPlatforms) = postSolution
		{505F7C1E-136C-4DB9-A1D8-9FA2D174FB37}.Debug|Any CPU.ActiveCfg = Debug|Any CPU
		{505F7C1E-136C-4DB9-A1D8-9FA2D174FB37}.Debug|Any CPU.Build.0 = Debug|Any CPU
		{505F7C1E-136C-4DB9-A1D8-9FA2D174FB37}.Release|Any CPU.ActiveCfg = Release|Any CPU
		{505F7C1E-136C-4DB9-A1D8-9FA2D174FB37}.Release|Any CPU.Build.0 = Release|Any CPU
		{3F828561-08F3-401D-A845-B662D036B6A7}.Debug|Any CPU.ActiveCfg = Debug|Any CPU
		{3F828561-08F3-401D-A845-B662D036B6A7}.Debug|Any CPU.Build.0 = Debug|Any CPU
		{3F828561-08F3-401D-A845-B662D036B6A7}.Release|Any CPU.ActiveCfg = Release|Any CPU
		{3F828561-08F3-401D-A845-B662D036B6A7}.Release|Any CPU.Build.0 = Release|Any CPU
		{A5BE6D20-374B-4C88-9884-DEED8B7A9B98}.Debug|Any CPU.ActiveCfg = Debug|Any CPU
		{A5BE6D20-374B-4C88-9884-DEED8B7A9B98}.Debug|Any CPU.Build.0 = Debug|Any CPU
		{A5BE6D20-374B-4C88-9884-DEED8B7A9B98}.Release|Any CPU.ActiveCfg = Release|Any CPU
		{A5BE6D20-374B-4C88-9884-DEED8B7A9B98}.Release|Any CPU.Build.0 = Release|Any CPU
	EndGlobalSection
	GlobalSection(SolutionProperties) = preSolution
		HideSolutionNode = FALSE
	EndGlobalSection
	GlobalSection(ExtensibilityGlobals) = postSolution
		SolutionGuid = {78531DA4-7598-479A-AECB-CA94F2D7C2FC}
	EndGlobalSection
	GlobalSection(NestedProjects) = preSolution
		{505F7C1E-136C-4DB9-A1D8-9FA2D174FB37} = {B30A2019-0F16-4DFC-B075-DE13174BAD62}
		{3F828561-08F3-401D-A845-B662D036B6A7} = {B30A2019-0F16-4DFC-B075-DE13174BAD62}
		{A5BE6D20-374B-4C88-9884-DEED8B7A9B98} = {B30A2019-0F16-4DFC-B075-DE13174BAD62}
	EndGlobalSection
EndGlobal
